
Microsoft Visual Studio Solution File, Format Version 12.00
# Visual Studio 15
VisualStudioVersion = 15.0.27703.2026
MinimumVisualStudioVersion = 10.0.40219.1
Project("{FAE04EC0-301F-11D3-BF4B-00C04F79EFBC}") = "HomeXTest.API", "HomeXTestBackEnd\HomeXTest.API.csproj", "{C48DAD5B-228A-44D8-B009-D00AA713F469}"
EndProject
Project("{2150E333-8FDC-42A3-9474-1A3956D46DE8}") = "1. API", "1. API", "{0CB26698-27CC-42D2-942B-EE4662828CAD}"
EndProject
Project("{2150E333-8FDC-42A3-9474-1A3956D46DE8}") = "2. Repository interfaces", "2. Repository interfaces", "{DD3A87E3-C3DE-4049-8A9A-F00592F6CC90}"
EndProject
Project("{2150E333-8FDC-42A3-9474-1A3956D46DE8}") = "3. Domain", "3. Domain", "{F6299328-C2F2-4ED1-A2A2-0893A7E8F669}"
EndProject
Project("{2150E333-8FDC-42A3-9474-1A3956D46DE8}") = "4. Dependencies", "4. Dependencies", "{4F731A34-70C2-41DC-A868-275B6000159F}"
EndProject
Project("{FAE04EC0-301F-11D3-BF4B-00C04F79EFBC}") = "HomeXTest.Repository", "HomeXTest.Repository\HomeXTest.Repository.csproj", "{C53079DE-94DD-4E88-80F8-FC42254DC398}"
EndProject
Project("{FAE04EC0-301F-11D3-BF4B-00C04F79EFBC}") = "HomeXTest.Domain", "HomeXTest.Domain\HomeXTest.Domain.csproj", "{718E38F3-ACC9-480D-9BA2-2546EC937487}"
EndProject
Project("{FAE04EC0-301F-11D3-BF4B-00C04F79EFBC}") = "HomeXTest.RepositoryInterfaces", "HomeXTest.RepositoryInterfaces\HomeXTest.RepositoryInterfaces.csproj", "{2772BF8A-DD16-4C07-9571-C7A900B6EC23}"
EndProject
Global
	GlobalSection(SolutionConfigurationPlatforms) = preSolution
		Debug|Any CPU = Debug|Any CPU
		Release|Any CPU = Release|Any CPU
	EndGlobalSection
	GlobalSection(ProjectConfigurationPlatforms) = postSolution
		{C48DAD5B-228A-44D8-B009-D00AA713F469}.Debug|Any CPU.ActiveCfg = Debug|Any CPU
		{C48DAD5B-228A-44D8-B009-D00AA713F469}.Debug|Any CPU.Build.0 = Debug|Any CPU
		{C48DAD5B-228A-44D8-B009-D00AA713F469}.Release|Any CPU.ActiveCfg = Release|Any CPU
		{C48DAD5B-228A-44D8-B009-D00AA713F469}.Release|Any CPU.Build.0 = Release|Any CPU
		{C53079DE-94DD-4E88-80F8-FC42254DC398}.Debug|Any CPU.ActiveCfg = Debug|Any CPU
		{C53079DE-94DD-4E88-80F8-FC42254DC398}.Debug|Any CPU.Build.0 = Debug|Any CPU
		{C53079DE-94DD-4E88-80F8-FC42254DC398}.Release|Any CPU.ActiveCfg = Release|Any CPU
		{C53079DE-94DD-4E88-80F8-FC42254DC398}.Release|Any CPU.Build.0 = Release|Any CPU
		{718E38F3-ACC9-480D-9BA2-2546EC937487}.Debug|Any CPU.ActiveCfg = Debug|Any CPU
		{718E38F3-ACC9-480D-9BA2-2546EC937487}.Debug|Any CPU.Build.0 = Debug|Any CPU
		{718E38F3-ACC9-480D-9BA2-2546EC937487}.Release|Any CPU.ActiveCfg = Release|Any CPU
		{718E38F3-ACC9-480D-9BA2-2546EC937487}.Release|Any CPU.Build.0 = Release|Any CPU
		{2772BF8A-DD16-4C07-9571-C7A900B6EC23}.Debug|Any CPU.ActiveCfg = Debug|Any CPU
		{2772BF8A-DD16-4C07-9571-C7A900B6EC23}.Debug|Any CPU.Build.0 = Debug|Any CPU
		{2772BF8A-DD16-4C07-9571-C7A900B6EC23}.Release|Any CPU.ActiveCfg = Release|Any CPU
		{2772BF8A-DD16-4C07-9571-C7A900B6EC23}.Release|Any CPU.Build.0 = Release|Any CPU
	EndGlobalSection
	GlobalSection(SolutionProperties) = preSolution
		HideSolutionNode = FALSE
	EndGlobalSection
	GlobalSection(NestedProjects) = preSolution
		{C48DAD5B-228A-44D8-B009-D00AA713F469} = {0CB26698-27CC-42D2-942B-EE4662828CAD}
		{C53079DE-94DD-4E88-80F8-FC42254DC398} = {4F731A34-70C2-41DC-A868-275B6000159F}
		{718E38F3-ACC9-480D-9BA2-2546EC937487} = {F6299328-C2F2-4ED1-A2A2-0893A7E8F669}
		{2772BF8A-DD16-4C07-9571-C7A900B6EC23} = {DD3A87E3-C3DE-4049-8A9A-F00592F6CC90}
	EndGlobalSection
	GlobalSection(ExtensibilityGlobals) = postSolution
		SolutionGuid = {44838C67-DF5A-44E4-B15F-02F2F8ECB58E}
	EndGlobalSection
EndGlobal
